
Microsoft Visual Studio Solution File, Format Version 12.00
# Visual Studio 14
VisualStudioVersion = 14.0.25420.1
MinimumVisualStudioVersion = 10.0.40219.1
Project("{D954291E-2A0B-460D-934E-DC6B0785DB48}") = "App1", "App1\App1\App1.shproj", "{DB958815-F5AC-4D73-98F2-B8977FA487D6}"
EndProject
Project("{FAE04EC0-301F-11D3-BF4B-00C04F79EFBC}") = "App1.Android", "App1\App1.Android\App1.Android.csproj", "{AA818BB6-04AD-4B78-B591-70DFC456D197}"
EndProject
Project("{FAE04EC0-301F-11D3-BF4B-00C04F79EFBC}") = "App1.iOS", "App1\App1.iOS\App1.iOS.csproj", "{199734C8-C261-4748-8628-9CEDE3E6C101}"
EndProject
Project("{FAE04EC0-301F-11D3-BF4B-00C04F79EFBC}") = "App1.UWP", "App1\App1.UWP\App1.UWP.csproj", "{81511F2F-8889-4A4C-A15D-BB94C0FB974B}"
EndProject
Global
	GlobalSection(SharedMSBuildProjectFiles) = preSolution
		App1\App1\App1.projitems*{199734c8-c261-4748-8628-9cede3e6c101}*SharedItemsImports = 4
		App1\App1\App1.projitems*{81511f2f-8889-4a4c-a15d-bb94c0fb974b}*SharedItemsImports = 4
		App1\App1\App1.projitems*{aa818bb6-04ad-4b78-b591-70dfc456d197}*SharedItemsImports = 4
		App1\App1\App1.projitems*{db958815-f5ac-4d73-98f2-b8977fa487d6}*SharedItemsImports = 13
	EndGlobalSection
	GlobalSection(SolutionConfigurationPlatforms) = preSolution
		Ad-Hoc|Any CPU = Ad-Hoc|Any CPU
		Ad-Hoc|ARM = Ad-Hoc|ARM
		Ad-Hoc|iPhone = Ad-Hoc|iPhone
		Ad-Hoc|iPhoneSimulator = Ad-Hoc|iPhoneSimulator
		Ad-Hoc|x64 = Ad-Hoc|x64
		Ad-Hoc|x86 = Ad-Hoc|x86
		AppStore|Any CPU = AppStore|Any CPU
		AppStore|ARM = AppStore|ARM
		AppStore|iPhone = AppStore|iPhone
		AppStore|iPhoneSimulator = AppStore|iPhoneSimulator
		AppStore|x64 = AppStore|x64
		AppStore|x86 = AppStore|x86
		Debug|Any CPU = Debug|Any CPU
		Debug|ARM = Debug|ARM
		Debug|iPhone = Debug|iPhone
		Debug|iPhoneSimulator = Debug|iPhoneSimulator
		Debug|x64 = Debug|x64
		Debug|x86 = Debug|x86
		Release|Any CPU = Release|Any CPU
		Release|ARM = Release|ARM
		Release|iPhone = Release|iPhone
		Release|iPhoneSimulator = Release|iPhoneSimulator
		Release|x64 = Release|x64
		Release|x86 = Release|x86
	EndGlobalSection
	GlobalSection(ProjectConfigurationPlatforms) = postSolution
		{AA818BB6-04AD-4B78-B591-70DFC456D197}.Ad-Hoc|Any CPU.ActiveCfg = Release|Any CPU
		{AA818BB6-04AD-4B78-B591-70DFC456D197}.Ad-Hoc|Any CPU.Build.0 = Release|Any CPU
		{AA818BB6-04AD-4B78-B591-70DFC456D197}.Ad-Hoc|Any CPU.Deploy.0 = Release|Any CPU
		{AA818BB6-04AD-4B78-B591-70DFC456D197}.Ad-Hoc|ARM.ActiveCfg = Release|Any CPU
		{AA818BB6-04AD-4B78-B591-70DFC456D197}.Ad-Hoc|ARM.Build.0 = Release|Any CPU
		{AA818BB6-04AD-4B78-B591-70DFC456D197}.Ad-Hoc|ARM.Deploy.0 = Release|Any CPU
		{AA818BB6-04AD-4B78-B591-70DFC456D197}.Ad-Hoc|iPhone.ActiveCfg = Release|Any CPU
		{AA818BB6-04AD-4B78-B591-70DFC456D197}.Ad-Hoc|iPhone.Build.0 = Release|Any CPU
		{AA818BB6-04AD-4B78-B591-70DFC456D197}.Ad-Hoc|iPhone.Deploy.0 = Release|Any CPU
		{AA818BB6-04AD-4B78-B591-70DFC456D197}.Ad-Hoc|iPhoneSimulator.ActiveCfg = Release|Any CPU
		{AA818BB6-04AD-4B78-B591-70DFC456D197}.Ad-Hoc|iPhoneSimulator.Build.0 = Release|Any CPU
		{AA818BB6-04AD-4B78-B591-70DFC456D197}.Ad-Hoc|iPhoneSimulator.Deploy.0 = Release|Any CPU
		{AA818BB6-04AD-4B78-B591-70DFC456D197}.Ad-Hoc|x64.ActiveCfg = Release|Any CPU
		{AA818BB6-04AD-4B78-B591-70DFC456D197}.Ad-Hoc|x64.Build.0 = Release|Any CPU
		{AA818BB6-04AD-4B78-B591-70DFC456D197}.Ad-Hoc|x64.Deploy.0 = Release|Any CPU
		{AA818BB6-04AD-4B78-B591-70DFC456D197}.Ad-Hoc|x86.ActiveCfg = Release|Any CPU
		{AA818BB6-04AD-4B78-B591-70DFC456D197}.Ad-Hoc|x86.Build.0 = Release|Any CPU
		{AA818BB6-04AD-4B78-B591-70DFC456D197}.Ad-Hoc|x86.Deploy.0 = Release|Any CPU
		{AA818BB6-04AD-4B78-B591-70DFC456D197}.AppStore|Any CPU.ActiveCfg = Release|Any CPU
		{AA818BB6-04AD-4B78-B591-70DFC456D197}.AppStore|Any CPU.Build.0 = Release|Any CPU
		{AA818BB6-04AD-4B78-B591-70DFC456D197}.AppStore|Any CPU.Deploy.0 = Release|Any CPU
		{AA818BB6-04AD-4B78-B591-70DFC456D197}.AppStore|ARM.ActiveCfg = Release|Any CPU
		{AA818BB6-04AD-4B78-B591-70DFC456D197}.AppStore|ARM.Build.0 = Release|Any CPU
		{AA818BB6-04AD-4B78-B591-70DFC456D197}.AppStore|ARM.Deploy.0 = Release|Any CPU
		{AA818BB6-04AD-4B78-B591-70DFC456D197}.AppStore|iPhone.ActiveCfg = Release|Any CPU
		{AA818BB6-04AD-4B78-B591-70DFC456D197}.AppStore|iPhone.Build.0 = Release|Any CPU
		{AA818BB6-04AD-4B78-B591-70DFC456D197}.AppStore|iPhone.Deploy.0 = Release|Any CPU
		{AA818BB6-04AD-4B78-B591-70DFC456D197}.AppStore|iPhoneSimulator.ActiveCfg = Release|Any CPU
		{AA818BB6-04AD-4B78-B591-70DFC456D197}.AppStore|iPhoneSimulator.Build.0 = Release|Any CPU
		{AA818BB6-04AD-4B78-B591-70DFC456D197}.AppStore|iPhoneSimulator.Deploy.0 = Release|Any CPU
		{AA818BB6-04AD-4B78-B591-70DFC456D197}.AppStore|x64.ActiveCfg = Release|Any CPU
		{AA818BB6-04AD-4B78-B591-70DFC456D197}.AppStore|x64.Build.0 = Release|Any CPU
		{AA818BB6-04AD-4B78-B591-70DFC456D197}.AppStore|x64.Deploy.0 = Release|Any CPU
		{AA818BB6-04AD-4B78-B591-70DFC456D197}.AppStore|x86.ActiveCfg = Release|Any CPU
		{AA818BB6-04AD-4B78-B591-70DFC456D197}.AppStore|x86.Build.0 = Release|Any CPU
		{AA818BB6-04AD-4B78-B591-70DFC456D197}.AppStore|x86.Deploy.0 = Release|Any CPU
		{AA818BB6-04AD-4B78-B591-70DFC456D197}.Debug|Any CPU.ActiveCfg = Debug|Any CPU
		{AA818BB6-04AD-4B78-B591-70DFC456D197}.Debug|Any CPU.Build.0 = Debug|Any CPU
		{AA818BB6-04AD-4B78-B591-70DFC456D197}.Debug|Any CPU.Deploy.0 = Debug|Any CPU
		{AA818BB6-04AD-4B78-B591-70DFC456D197}.Debug|ARM.ActiveCfg = Debug|Any CPU
		{AA818BB6-04AD-4B78-B591-70DFC456D197}.Debug|ARM.Build.0 = Debug|Any CPU
		{AA818BB6-04AD-4B78-B591-70DFC456D197}.Debug|ARM.Deploy.0 = Debug|Any CPU
		{AA818BB6-04AD-4B78-B591-70DFC456D197}.Debug|iPhone.ActiveCfg = Debug|Any CPU
		{AA818BB6-04AD-4B78-B591-70DFC456D197}.Debug|iPhone.Build.0 = Debug|Any CPU
		{AA818BB6-04AD-4B78-B591-70DFC456D197}.Debug|iPhone.Deploy.0 = Debug|Any CPU
		{AA818BB6-04AD-4B78-B591-70DFC456D197}.Debug|iPhoneSimulator.ActiveCfg = Debug|Any CPU
		{AA818BB6-04AD-4B78-B591-70DFC456D197}.Debug|iPhoneSimulator.Build.0 = Debug|Any CPU
		{AA818BB6-04AD-4B78-B591-70DFC456D197}.Debug|iPhoneSimulator.Deploy.0 = Debug|Any CPU
		{AA818BB6-04AD-4B78-B591-70DFC456D197}.Debug|x64.ActiveCfg = Debug|Any CPU
		{AA818BB6-04AD-4B78-B591-70DFC456D197}.Debug|x64.Build.0 = Debug|Any CPU
		{AA818BB6-04AD-4B78-B591-70DFC456D197}.Debug|x64.Deploy.0 = Debug|Any CPU
		{AA818BB6-04AD-4B78-B591-70DFC456D197}.Debug|x86.ActiveCfg = Debug|Any CPU
		{AA818BB6-04AD-4B78-B591-70DFC456D197}.Debug|x86.Build.0 = Debug|Any CPU
		{AA818BB6-04AD-4B78-B591-70DFC456D197}.Debug|x86.Deploy.0 = Debug|Any CPU
		{AA818BB6-04AD-4B78-B591-70DFC456D197}.Release|Any CPU.ActiveCfg = Release|Any CPU
		{AA818BB6-04AD-4B78-B591-70DFC456D197}.Release|Any CPU.Build.0 = Release|Any CPU
		{AA818BB6-04AD-4B78-B591-70DFC456D197}.Release|Any CPU.Deploy.0 = Release|Any CPU
		{AA818BB6-04AD-4B78-B591-70DFC456D197}.Release|ARM.ActiveCfg = Release|Any CPU
		{AA818BB6-04AD-4B78-B591-70DFC456D197}.Release|ARM.Build.0 = Release|Any CPU
		{AA818BB6-04AD-4B78-B591-70DFC456D197}.Release|ARM.Deploy.0 = Release|Any CPU
		{AA818BB6-04AD-4B78-B591-70DFC456D197}.Release|iPhone.ActiveCfg = Release|Any CPU
		{AA818BB6-04AD-4B78-B591-70DFC456D197}.Release|iPhone.Build.0 = Release|Any CPU
		{AA818BB6-04AD-4B78-B591-70DFC456D197}.Release|iPhone.Deploy.0 = Release|Any CPU
		{AA818BB6-04AD-4B78-B591-70DFC456D197}.Release|iPhoneSimulator.ActiveCfg = Release|Any CPU
		{AA818BB6-04AD-4B78-B591-70DFC456D197}.Release|iPhoneSimulator.Build.0 = Release|Any CPU
		{AA818BB6-04AD-4B78-B591-70DFC456D197}.Release|iPhoneSimulator.Deploy.0 = Release|Any CPU
		{AA818BB6-04AD-4B78-B591-70DFC456D197}.Release|x64.ActiveCfg = Release|Any CPU
		{AA818BB6-04AD-4B78-B591-70DFC456D197}.Release|x64.Build.0 = Release|Any CPU
		{AA818BB6-04AD-4B78-B591-70DFC456D197}.Release|x64.Deploy.0 = Release|Any CPU
		{AA818BB6-04AD-4B78-B591-70DFC456D197}.Release|x86.ActiveCfg = Release|Any CPU
		{AA818BB6-04AD-4B78-B591-70DFC456D197}.Release|x86.Build.0 = Release|Any CPU
		{AA818BB6-04AD-4B78-B591-70DFC456D197}.Release|x86.Deploy.0 = Release|Any CPU
		{199734C8-C261-4748-8628-9CEDE3E6C101}.Ad-Hoc|Any CPU.ActiveCfg = Ad-Hoc|iPhone
		{199734C8-C261-4748-8628-9CEDE3E6C101}.Ad-Hoc|ARM.ActiveCfg = Ad-Hoc|iPhone
		{199734C8-C261-4748-8628-9CEDE3E6C101}.Ad-Hoc|iPhone.ActiveCfg = Ad-Hoc|iPhone
		{199734C8-C261-4748-8628-9CEDE3E6C101}.Ad-Hoc|iPhone.Build.0 = Ad-Hoc|iPhone
		{199734C8-C261-4748-8628-9CEDE3E6C101}.Ad-Hoc|iPhoneSimulator.ActiveCfg = Ad-Hoc|iPhoneSimulator
		{199734C8-C261-4748-8628-9CEDE3E6C101}.Ad-Hoc|iPhoneSimulator.Build.0 = Ad-Hoc|iPhoneSimulator
		{199734C8-C261-4748-8628-9CEDE3E6C101}.Ad-Hoc|x64.ActiveCfg = Ad-Hoc|iPhone
		{199734C8-C261-4748-8628-9CEDE3E6C101}.Ad-Hoc|x86.ActiveCfg = Ad-Hoc|iPhone
		{199734C8-C261-4748-8628-9CEDE3E6C101}.AppStore|Any CPU.ActiveCfg = AppStore|iPhone
		{199734C8-C261-4748-8628-9CEDE3E6C101}.AppStore|ARM.ActiveCfg = AppStore|iPhone
		{199734C8-C261-4748-8628-9CEDE3E6C101}.AppStore|iPhone.ActiveCfg = AppStore|iPhone
		{199734C8-C261-4748-8628-9CEDE3E6C101}.AppStore|iPhone.Build.0 = AppStore|iPhone
		{199734C8-C261-4748-8628-9CEDE3E6C101}.AppStore|iPhoneSimulator.ActiveCfg = AppStore|iPhoneSimulator
		{199734C8-C261-4748-8628-9CEDE3E6C101}.AppStore|iPhoneSimulator.Build.0 = AppStore|iPhoneSimulator
		{199734C8-C261-4748-8628-9CEDE3E6C101}.AppStore|x64.ActiveCfg = AppStore|iPhone
		{199734C8-C261-4748-8628-9CEDE3E6C101}.AppStore|x86.ActiveCfg = AppStore|iPhone
		{199734C8-C261-4748-8628-9CEDE3E6C101}.Debug|Any CPU.ActiveCfg = Debug|iPhone
		{199734C8-C261-4748-8628-9CEDE3E6C101}.Debug|ARM.ActiveCfg = Debug|iPhone
		{199734C8-C261-4748-8628-9CEDE3E6C101}.Debug|iPhone.ActiveCfg = Debug|iPhone
		{199734C8-C261-4748-8628-9CEDE3E6C101}.Debug|iPhone.Build.0 = Debug|iPhone
		{199734C8-C261-4748-8628-9CEDE3E6C101}.Debug|iPhoneSimulator.ActiveCfg = Debug|iPhoneSimulator
		{199734C8-C261-4748-8628-9CEDE3E6C101}.Debug|iPhoneSimulator.Build.0 = Debug|iPhoneSimulator
		{199734C8-C261-4748-8628-9CEDE3E6C101}.Debug|x64.ActiveCfg = Debug|iPhone
		{199734C8-C261-4748-8628-9CEDE3E6C101}.Debug|x86.ActiveCfg = Debug|iPhone
		{199734C8-C261-4748-8628-9CEDE3E6C101}.Release|Any CPU.ActiveCfg = Release|iPhone
		{199734C8-C261-4748-8628-9CEDE3E6C101}.Release|ARM.ActiveCfg = Release|iPhone
		{199734C8-C261-4748-8628-9CEDE3E6C101}.Release|iPhone.ActiveCfg = Release|iPhone
		{199734C8-C261-4748-8628-9CEDE3E6C101}.Release|iPhone.Build.0 = Release|iPhone
		{199734C8-C261-4748-8628-9CEDE3E6C101}.Release|iPhoneSimulator.ActiveCfg = Release|iPhoneSimulator
		{199734C8-C261-4748-8628-9CEDE3E6C101}.Release|iPhoneSimulator.Build.0 = Release|iPhoneSimulator
		{199734C8-C261-4748-8628-9CEDE3E6C101}.Release|x64.ActiveCfg = Release|iPhone
		{199734C8-C261-4748-8628-9CEDE3E6C101}.Release|x86.ActiveCfg = Release|iPhone
		{81511F2F-8889-4A4C-A15D-BB94C0FB974B}.Ad-Hoc|Any CPU.ActiveCfg = Release|x86
		{81511F2F-8889-4A4C-A15D-BB94C0FB974B}.Ad-Hoc|Any CPU.Build.0 = Release|x86
		{81511F2F-8889-4A4C-A15D-BB94C0FB974B}.Ad-Hoc|Any CPU.Deploy.0 = Release|x86
		{81511F2F-8889-4A4C-A15D-BB94C0FB974B}.Ad-Hoc|ARM.ActiveCfg = Release|ARM
		{81511F2F-8889-4A4C-A15D-BB94C0FB974B}.Ad-Hoc|ARM.Build.0 = Release|ARM
		{81511F2F-8889-4A4C-A15D-BB94C0FB974B}.Ad-Hoc|ARM.Deploy.0 = Release|ARM
		{81511F2F-8889-4A4C-A15D-BB94C0FB974B}.Ad-Hoc|iPhone.ActiveCfg = Release|x86
		{81511F2F-8889-4A4C-A15D-BB94C0FB974B}.Ad-Hoc|iPhone.Build.0 = Release|x86
		{81511F2F-8889-4A4C-A15D-BB94C0FB974B}.Ad-Hoc|iPhone.Deploy.0 = Release|x86
		{81511F2F-8889-4A4C-A15D-BB94C0FB974B}.Ad-Hoc|iPhoneSimulator.ActiveCfg = Release|x86
		{81511F2F-8889-4A4C-A15D-BB94C0FB974B}.Ad-Hoc|iPhoneSimulator.Build.0 = Release|x86
		{81511F2F-8889-4A4C-A15D-BB94C0FB974B}.Ad-Hoc|iPhoneSimulator.Deploy.0 = Release|x86
		{81511F2F-8889-4A4C-A15D-BB94C0FB974B}.Ad-Hoc|x64.ActiveCfg = Release|x64
		{81511F2F-8889-4A4C-A15D-BB94C0FB974B}.Ad-Hoc|x64.Build.0 = Release|x64
		{81511F2F-8889-4A4C-A15D-BB94C0FB974B}.Ad-Hoc|x64.Deploy.0 = Release|x64
		{81511F2F-8889-4A4C-A15D-BB94C0FB974B}.Ad-Hoc|x86.ActiveCfg = Release|x86
		{81511F2F-8889-4A4C-A15D-BB94C0FB974B}.Ad-Hoc|x86.Build.0 = Release|x86
		{81511F2F-8889-4A4C-A15D-BB94C0FB974B}.Ad-Hoc|x86.Deploy.0 = Release|x86
		{81511F2F-8889-4A4C-A15D-BB94C0FB974B}.AppStore|Any CPU.ActiveCfg = Release|x86
		{81511F2F-8889-4A4C-A15D-BB94C0FB974B}.AppStore|Any CPU.Build.0 = Release|x86
		{81511F2F-8889-4A4C-A15D-BB94C0FB974B}.AppStore|Any CPU.Deploy.0 = Release|x86
		{81511F2F-8889-4A4C-A15D-BB94C0FB974B}.AppStore|ARM.ActiveCfg = Release|ARM
		{81511F2F-8889-4A4C-A15D-BB94C0FB974B}.AppStore|ARM.Build.0 = Release|ARM
		{81511F2F-8889-4A4C-A15D-BB94C0FB974B}.AppStore|ARM.Deploy.0 = Release|ARM
		{81511F2F-8889-4A4C-A15D-BB94C0FB974B}.AppStore|iPhone.ActiveCfg = Release|x86
		{81511F2F-8889-4A4C-A15D-BB94C0FB974B}.AppStore|iPhone.Build.0 = Release|x86
		{81511F2F-8889-4A4C-A15D-BB94C0FB974B}.AppStore|iPhone.Deploy.0 = Release|x86
		{81511F2F-8889-4A4C-A15D-BB94C0FB974B}.AppStore|iPhoneSimulator.ActiveCfg = Release|x86
		{81511F2F-8889-4A4C-A15D-BB94C0FB974B}.AppStore|iPhoneSimulator.Build.0 = Release|x86
		{81511F2F-8889-4A4C-A15D-BB94C0FB974B}.AppStore|iPhoneSimulator.Deploy.0 = Release|x86
		{81511F2F-8889-4A4C-A15D-BB94C0FB974B}.AppStore|x64.ActiveCfg = Release|x64
		{81511F2F-8889-4A4C-A15D-BB94C0FB974B}.AppStore|x64.Build.0 = Release|x64
		{81511F2F-8889-4A4C-A15D-BB94C0FB974B}.AppStore|x64.Deploy.0 = Release|x64
		{81511F2F-8889-4A4C-A15D-BB94C0FB974B}.AppStore|x86.ActiveCfg = Release|x86
		{81511F2F-8889-4A4C-A15D-BB94C0FB974B}.AppStore|x86.Build.0 = Release|x86
		{81511F2F-8889-4A4C-A15D-BB94C0FB974B}.AppStore|x86.Deploy.0 = Release|x86
		{81511F2F-8889-4A4C-A15D-BB94C0FB974B}.Debug|Any CPU.ActiveCfg = Debug|x86
		{81511F2F-8889-4A4C-A15D-BB94C0FB974B}.Debug|ARM.ActiveCfg = Debug|ARM
		{81511F2F-8889-4A4C-A15D-BB94C0FB974B}.Debug|ARM.Build.0 = Debug|ARM
		{81511F2F-8889-4A4C-A15D-BB94C0FB974B}.Debug|ARM.Deploy.0 = Debug|ARM
		{81511F2F-8889-4A4C-A15D-BB94C0FB974B}.Debug|iPhone.ActiveCfg = Debug|x86
		{81511F2F-8889-4A4C-A15D-BB94C0FB974B}.Debug|iPhoneSimulator.ActiveCfg = Debug|x86
		{81511F2F-8889-4A4C-A15D-BB94C0FB974B}.Debug|x64.ActiveCfg = Debug|x64
		{81511F2F-8889-4A4C-A15D-BB94C0FB974B}.Debug|x64.Build.0 = Debug|x64
		{81511F2F-8889-4A4C-A15D-BB94C0FB974B}.Debug|x64.Deploy.0 = Debug|x64
		{81511F2F-8889-4A4C-A15D-BB94C0FB974B}.Debug|x86.ActiveCfg = Debug|x86
		{81511F2F-8889-4A4C-A15D-BB94C0FB974B}.Debug|x86.Build.0 = Debug|x86
		{81511F2F-8889-4A4C-A15D-BB94C0FB974B}.Debug|x86.Deploy.0 = Debug|x86
		{81511F2F-8889-4A4C-A15D-BB94C0FB974B}.Release|Any CPU.ActiveCfg = Release|x86
		{81511F2F-8889-4A4C-A15D-BB94C0FB974B}.Release|ARM.ActiveCfg = Release|ARM
		{81511F2F-8889-4A4C-A15D-BB94C0FB974B}.Release|ARM.Build.0 = Release|ARM
		{81511F2F-8889-4A4C-A15D-BB94C0FB974B}.Release|ARM.Deploy.0 = Release|ARM
		{81511F2F-8889-4A4C-A15D-BB94C0FB974B}.Release|iPhone.ActiveCfg = Release|x86
		{81511F2F-8889-4A4C-A15D-BB94C0FB974B}.Release|iPhoneSimulator.ActiveCfg = Release|x86
		{81511F2F-8889-4A4C-A15D-BB94C0FB974B}.Release|x64.ActiveCfg = Release|x64
		{81511F2F-8889-4A4C-A15D-BB94C0FB974B}.Release|x64.Build.0 = Release|x64
		{81511F2F-8889-4A4C-A15D-BB94C0FB974B}.Release|x64.Deploy.0 = Release|x64
		{81511F2F-8889-4A4C-A15D-BB94C0FB974B}.Release|x86.ActiveCfg = Release|x86
		{81511F2F-8889-4A4C-A15D-BB94C0FB974B}.Release|x86.Build.0 = Release|x86
		{81511F2F-8889-4A4C-A15D-BB94C0FB974B}.Release|x86.Deploy.0 = Release|x86
	EndGlobalSection
	GlobalSection(SolutionProperties) = preSolution
		HideSolutionNode = FALSE
	EndGlobalSection
EndGlobal
